
Microsoft Visual Studio Solution File, Format Version 12.00
# Visual Studio Express 2013 for Windows Desktop
VisualStudioVersion = 12.0.40629.0
MinimumVisualStudioVersion = 10.0.40219.1
Project("{FAE04EC0-301F-11D3-BF4B-00C04F79EFBC}") = "Inheritance-Chapter10", "Inheritance-Chapter10\Inheritance-Chapter10.csproj", "{C09C5EF6-A79F-4418-A25E-71095F47DF87}"
EndProject
Global
	GlobalSection(SolutionConfigurationPlatforms) = preSolution
		Debug|Any CPU = Debug|Any CPU
		Release|Any CPU = Release|Any CPU
	EndGlobalSection
	GlobalSection(ProjectConfigurationPlatforms) = postSolution
		{C09C5EF6-A79F-4418-A25E-71095F47DF87}.Debug|Any CPU.ActiveCfg = Debug|Any CPU
		{C09C5EF6-A79F-4418-A25E-71095F47DF87}.Debug|Any CPU.Build.0 = Debug|Any CPU
		{C09C5EF6-A79F-4418-A25E-71095F47DF87}.Release|Any CPU.ActiveCfg = Release|Any CPU
		{C09C5EF6-A79F-4418-A25E-71095F47DF87}.Release|Any CPU.Build.0 = Release|Any CPU
	EndGlobalSection
	GlobalSection(SolutionProperties) = preSolution
		HideSolutionNode = FALSE
	EndGlobalSection
EndGlobal
